
Microsoft Visual Studio Solution File, Format Version 12.00
# Visual Studio Version 17
VisualStudioVersion = 17.8.34004.107
MinimumVisualStudioVersion = 10.0.40219.1
Project("{9A19103F-16F7-4668-BE54-9A1E7A4F7556}") = "DOCOsoft.Api", "DOCOsoft.Api\DOCOsoft.Api.csproj", "{FE5FA2B7-4672-42FE-A328-B2BD50A50AA9}"
EndProject
Project("{FAE04EC0-301F-11D3-BF4B-00C04F79EFBC}") = "DOCOsoft.Api.Tests", "DOCOsoft.Api.Tests\DOCOsoft.Api.Tests.csproj", "{7709728E-B898-408E-98A7-2C8E919370F6}"
EndProject
Global
	GlobalSection(SolutionConfigurationPlatforms) = preSolution
		Debug|Any CPU = Debug|Any CPU
		Release|Any CPU = Release|Any CPU
	EndGlobalSection
	GlobalSection(ProjectConfigurationPlatforms) = postSolution
		{FE5FA2B7-4672-42FE-A328-B2BD50A50AA9}.Debug|Any CPU.ActiveCfg = Debug|Any CPU
		{FE5FA2B7-4672-42FE-A328-B2BD50A50AA9}.Debug|Any CPU.Build.0 = Debug|Any CPU
		{FE5FA2B7-4672-42FE-A328-B2BD50A50AA9}.Release|Any CPU.ActiveCfg = Release|Any CPU
		{FE5FA2B7-4672-42FE-A328-B2BD50A50AA9}.Release|Any CPU.Build.0 = Release|Any CPU
		{7709728E-B898-408E-98A7-2C8E919370F6}.Debug|Any CPU.ActiveCfg = Debug|Any CPU
		{7709728E-B898-408E-98A7-2C8E919370F6}.Debug|Any CPU.Build.0 = Debug|Any CPU
		{7709728E-B898-408E-98A7-2C8E919370F6}.Release|Any CPU.ActiveCfg = Release|Any CPU
		{7709728E-B898-408E-98A7-2C8E919370F6}.Release|Any CPU.Build.0 = Release|Any CPU
	EndGlobalSection
	GlobalSection(SolutionProperties) = preSolution
		HideSolutionNode = FALSE
	EndGlobalSection
	GlobalSection(ExtensibilityGlobals) = postSolution
		SolutionGuid = {15473BFD-B1F4-4D1C-AC95-DE963AD5F95A}
	EndGlobalSection
EndGlobal
